
Microsoft Visual Studio Solution File, Format Version 12.00
# Visual Studio Version 17
VisualStudioVersion = 17.7.34031.279
MinimumVisualStudioVersion = 10.0.40219.1
Project("{FAE04EC0-301F-11D3-BF4B-00C04F79EFBC}") = "Test app", "Test app\Test app.csproj", "{71883839-20CF-44AE-A533-5638FE1BC9C2}"
EndProject
Global
	GlobalSection(SolutionConfigurationPlatforms) = preSolution
		Debug|Any CPU = Debug|Any CPU
		Release|Any CPU = Release|Any CPU
	EndGlobalSection
	GlobalSection(ProjectConfigurationPlatforms) = postSolution
		{71883839-20CF-44AE-A533-5638FE1BC9C2}.Debug|Any CPU.ActiveCfg = Debug|Any CPU
		{71883839-20CF-44AE-A533-5638FE1BC9C2}.Debug|Any CPU.Build.0 = Debug|Any CPU
		{71883839-20CF-44AE-A533-5638FE1BC9C2}.Release|Any CPU.ActiveCfg = Release|Any CPU
		{71883839-20CF-44AE-A533-5638FE1BC9C2}.Release|Any CPU.Build.0 = Release|Any CPU
	EndGlobalSection
	GlobalSection(SolutionProperties) = preSolution
		HideSolutionNode = FALSE
	EndGlobalSection
	GlobalSection(ExtensibilityGlobals) = postSolution
		SolutionGuid = {01D05A6B-B408-4FB7-B73E-9948702192A3}
	EndGlobalSection
EndGlobal
